
Microsoft Visual Studio Solution File, Format Version 12.00
# Visual Studio Version 17
VisualStudioVersion = 17.1.32210.238
MinimumVisualStudioVersion = 10.0.40219.1
Project("{FAE04EC0-301F-11D3-BF4B-00C04F79EFBC}") = "Business", "Business\Business.csproj", "{5171CA26-2FD6-4870-92DD-D1D37DF064EF}"
EndProject
Project("{FAE04EC0-301F-11D3-BF4B-00C04F79EFBC}") = "Core", "Core\Core.csproj", "{3E4B01F5-7445-4A73-82B3-0B193FEC8CFE}"
EndProject
Project("{FAE04EC0-301F-11D3-BF4B-00C04F79EFBC}") = "DataAccess", "DataAccess\DataAccess.csproj", "{C561DF26-8A30-4172-9F74-B733282F5B2E}"
EndProject
Project("{FAE04EC0-301F-11D3-BF4B-00C04F79EFBC}") = "Entities", "Entities\Entities.csproj", "{7AB8D8D1-123C-4FD3-A77E-8200B1DCF20E}"
EndProject
Project("{FAE04EC0-301F-11D3-BF4B-00C04F79EFBC}") = "WebApi", "WebApi\WebApi.csproj", "{75F8323A-D692-42D6-BC90-C48EB18D6057}"
EndProject
Global
	GlobalSection(SolutionConfigurationPlatforms) = preSolution
		Debug|Any CPU = Debug|Any CPU
		Release|Any CPU = Release|Any CPU
	EndGlobalSection
	GlobalSection(ProjectConfigurationPlatforms) = postSolution
		{5171CA26-2FD6-4870-92DD-D1D37DF064EF}.Debug|Any CPU.ActiveCfg = Debug|Any CPU
		{5171CA26-2FD6-4870-92DD-D1D37DF064EF}.Debug|Any CPU.Build.0 = Debug|Any CPU
		{5171CA26-2FD6-4870-92DD-D1D37DF064EF}.Release|Any CPU.ActiveCfg = Release|Any CPU
		{5171CA26-2FD6-4870-92DD-D1D37DF064EF}.Release|Any CPU.Build.0 = Release|Any CPU
		{3E4B01F5-7445-4A73-82B3-0B193FEC8CFE}.Debug|Any CPU.ActiveCfg = Debug|Any CPU
		{3E4B01F5-7445-4A73-82B3-0B193FEC8CFE}.Debug|Any CPU.Build.0 = Debug|Any CPU
		{3E4B01F5-7445-4A73-82B3-0B193FEC8CFE}.Release|Any CPU.ActiveCfg = Release|Any CPU
		{3E4B01F5-7445-4A73-82B3-0B193FEC8CFE}.Release|Any CPU.Build.0 = Release|Any CPU
		{C561DF26-8A30-4172-9F74-B733282F5B2E}.Debug|Any CPU.ActiveCfg = Debug|Any CPU
		{C561DF26-8A30-4172-9F74-B733282F5B2E}.Debug|Any CPU.Build.0 = Debug|Any CPU
		{C561DF26-8A30-4172-9F74-B733282F5B2E}.Release|Any CPU.ActiveCfg = Release|Any CPU
		{C561DF26-8A30-4172-9F74-B733282F5B2E}.Release|Any CPU.Build.0 = Release|Any CPU
		{7AB8D8D1-123C-4FD3-A77E-8200B1DCF20E}.Debug|Any CPU.ActiveCfg = Debug|Any CPU
		{7AB8D8D1-123C-4FD3-A77E-8200B1DCF20E}.Debug|Any CPU.Build.0 = Debug|Any CPU
		{7AB8D8D1-123C-4FD3-A77E-8200B1DCF20E}.Release|Any CPU.ActiveCfg = Release|Any CPU
		{7AB8D8D1-123C-4FD3-A77E-8200B1DCF20E}.Release|Any CPU.Build.0 = Release|Any CPU
		{75F8323A-D692-42D6-BC90-C48EB18D6057}.Debug|Any CPU.ActiveCfg = Debug|Any CPU
		{75F8323A-D692-42D6-BC90-C48EB18D6057}.Debug|Any CPU.Build.0 = Debug|Any CPU
		{75F8323A-D692-42D6-BC90-C48EB18D6057}.Release|Any CPU.ActiveCfg = Release|Any CPU
		{75F8323A-D692-42D6-BC90-C48EB18D6057}.Release|Any CPU.Build.0 = Release|Any CPU
	EndGlobalSection
	GlobalSection(SolutionProperties) = preSolution
		HideSolutionNode = FALSE
	EndGlobalSection
	GlobalSection(ExtensibilityGlobals) = postSolution
		SolutionGuid = {1E7DDBE5-43F8-44E1-8BCA-5A0551CF628D}
	EndGlobalSection
EndGlobal
